
Microsoft Visual Studio Solution File, Format Version 12.00
# Visual Studio Version 16
VisualStudioVersion = 16.0.31205.134
MinimumVisualStudioVersion = 10.0.40219.1
Project("{FAE04EC0-301F-11D3-BF4B-00C04F79EFBC}") = "RPG", "RPG\RPG.csproj", "{E3596DA7-3A98-4E01-ADAE-A240A96974F6}"
EndProject
Project("{FAE04EC0-301F-11D3-BF4B-00C04F79EFBC}") = "NskWpfFramework1.0", "..\CSharp\NskWpfFramework1.0\NskWpfFramework1.0.csproj", "{820E276E-7FFF-4C39-B495-514D50FEA6C0}"
EndProject
Global
	GlobalSection(SolutionConfigurationPlatforms) = preSolution
		Debug|Any CPU = Debug|Any CPU
		Release|Any CPU = Release|Any CPU
	EndGlobalSection
	GlobalSection(ProjectConfigurationPlatforms) = postSolution
		{E3596DA7-3A98-4E01-ADAE-A240A96974F6}.Debug|Any CPU.ActiveCfg = Debug|Any CPU
		{E3596DA7-3A98-4E01-ADAE-A240A96974F6}.Debug|Any CPU.Build.0 = Debug|Any CPU
		{E3596DA7-3A98-4E01-ADAE-A240A96974F6}.Release|Any CPU.ActiveCfg = Release|Any CPU
		{E3596DA7-3A98-4E01-ADAE-A240A96974F6}.Release|Any CPU.Build.0 = Release|Any CPU
		{820E276E-7FFF-4C39-B495-514D50FEA6C0}.Debug|Any CPU.ActiveCfg = Debug|Any CPU
		{820E276E-7FFF-4C39-B495-514D50FEA6C0}.Debug|Any CPU.Build.0 = Debug|Any CPU
		{820E276E-7FFF-4C39-B495-514D50FEA6C0}.Release|Any CPU.ActiveCfg = Release|Any CPU
		{820E276E-7FFF-4C39-B495-514D50FEA6C0}.Release|Any CPU.Build.0 = Release|Any CPU
	EndGlobalSection
	GlobalSection(SolutionProperties) = preSolution
		HideSolutionNode = FALSE
	EndGlobalSection
	GlobalSection(ExtensibilityGlobals) = postSolution
		SolutionGuid = {9B9AFC7C-3598-4D92-8973-C6E94D11ADE4}
	EndGlobalSection
EndGlobal
